{
  "object": {
    "pins": [
      {
        "package": "ZTCoreKit",
        "repositoryURL": "https://github.com/zhortech/ztcorekit-ios-sdk.git",
        "state": {
          "branch": null,
          "revision": "a76613a0b4d4b89458cd5c1fee7542a600ec83fd",
          "version": "1.2.5"
        }
      }
    ]
  },
  "version": 1
}
